
Microsoft Visual Studio Solution File, Format Version 12.00
# Visual Studio 15
VisualStudioVersion = 15.0.26124.0
MinimumVisualStudioVersion = 15.0.26124.0
Project("{2150E333-8FDC-42A3-9474-1A3956D46DE8}") = "src", "src", "{C0A08C89-E35B-47A0-ADDF-9E77023821DD}"
EndProject
Project("{FAE04EC0-301F-11D3-BF4B-00C04F79EFBC}") = "CouncilVoting.Api", "src\CouncilVoting.Api\CouncilVoting.Api.csproj", "{ADD92C05-7B61-4CBA-88D1-8D4E793CCF79}"
EndProject
Global
	GlobalSection(SolutionConfigurationPlatforms) = preSolution
		Debug|Any CPU = Debug|Any CPU
		Debug|x64 = Debug|x64
		Debug|x86 = Debug|x86
		Release|Any CPU = Release|Any CPU
		Release|x64 = Release|x64
		Release|x86 = Release|x86
	EndGlobalSection
	GlobalSection(SolutionProperties) = preSolution
		HideSolutionNode = FALSE
	EndGlobalSection
	GlobalSection(ProjectConfigurationPlatforms) = postSolution
		{ADD92C05-7B61-4CBA-88D1-8D4E793CCF79}.Debug|Any CPU.ActiveCfg = Debug|Any CPU
		{ADD92C05-7B61-4CBA-88D1-8D4E793CCF79}.Debug|Any CPU.Build.0 = Debug|Any CPU
		{ADD92C05-7B61-4CBA-88D1-8D4E793CCF79}.Debug|x64.ActiveCfg = Debug|Any CPU
		{ADD92C05-7B61-4CBA-88D1-8D4E793CCF79}.Debug|x64.Build.0 = Debug|Any CPU
		{ADD92C05-7B61-4CBA-88D1-8D4E793CCF79}.Debug|x86.ActiveCfg = Debug|Any CPU
		{ADD92C05-7B61-4CBA-88D1-8D4E793CCF79}.Debug|x86.Build.0 = Debug|Any CPU
		{ADD92C05-7B61-4CBA-88D1-8D4E793CCF79}.Release|Any CPU.ActiveCfg = Release|Any CPU
		{ADD92C05-7B61-4CBA-88D1-8D4E793CCF79}.Release|Any CPU.Build.0 = Release|Any CPU
		{ADD92C05-7B61-4CBA-88D1-8D4E793CCF79}.Release|x64.ActiveCfg = Release|Any CPU
		{ADD92C05-7B61-4CBA-88D1-8D4E793CCF79}.Release|x64.Build.0 = Release|Any CPU
		{ADD92C05-7B61-4CBA-88D1-8D4E793CCF79}.Release|x86.ActiveCfg = Release|Any CPU
		{ADD92C05-7B61-4CBA-88D1-8D4E793CCF79}.Release|x86.Build.0 = Release|Any CPU
	EndGlobalSection
	GlobalSection(NestedProjects) = preSolution
		{ADD92C05-7B61-4CBA-88D1-8D4E793CCF79} = {C0A08C89-E35B-47A0-ADDF-9E77023821DD}
	EndGlobalSection
EndGlobal
